
Microsoft Visual Studio Solution File, Format Version 12.00
# Visual Studio Version 17
VisualStudioVersion = 17.8.34525.116
MinimumVisualStudioVersion = 10.0.40219.1
Project("{FAE04EC0-301F-11D3-BF4B-00C04F79EFBC}") = "numbers", "numbers\numbers.csproj", "{762F0871-CC0B-4906-9A8F-26F36D5005AA}"
EndProject
Global
	GlobalSection(SolutionConfigurationPlatforms) = preSolution
		Debug|Any CPU = Debug|Any CPU
		Release|Any CPU = Release|Any CPU
	EndGlobalSection
	GlobalSection(ProjectConfigurationPlatforms) = postSolution
		{762F0871-CC0B-4906-9A8F-26F36D5005AA}.Debug|Any CPU.ActiveCfg = Debug|Any CPU
		{762F0871-CC0B-4906-9A8F-26F36D5005AA}.Debug|Any CPU.Build.0 = Debug|Any CPU
		{762F0871-CC0B-4906-9A8F-26F36D5005AA}.Release|Any CPU.ActiveCfg = Release|Any CPU
		{762F0871-CC0B-4906-9A8F-26F36D5005AA}.Release|Any CPU.Build.0 = Release|Any CPU
	EndGlobalSection
	GlobalSection(SolutionProperties) = preSolution
		HideSolutionNode = FALSE
	EndGlobalSection
	GlobalSection(ExtensibilityGlobals) = postSolution
		SolutionGuid = {D5FA8BB0-4BEC-46AF-8009-418F72C4DD4D}
	EndGlobalSection
EndGlobal
